
Microsoft Visual Studio Solution File, Format Version 12.00
# Visual Studio Version 17
VisualStudioVersion = 17.2.32516.85
MinimumVisualStudioVersion = 10.0.40219.1
Project("{9A19103F-16F7-4668-BE54-9A1E7A4F7556}") = "SENAI-UC14-E4", "SENAI-UC14-E4\SENAI-UC14-E4.csproj", "{4719CE97-B990-4FAC-99FE-86B21DF38A94}"
EndProject
Project("{FAE04EC0-301F-11D3-BF4B-00C04F79EFBC}") = "TestXunitChapter", "TestXunitChapter\TestXunitChapter.csproj", "{96DA7B11-0172-42CC-8893-4F23DC879650}"
EndProject
Global
	GlobalSection(SolutionConfigurationPlatforms) = preSolution
		Debug|Any CPU = Debug|Any CPU
		Release|Any CPU = Release|Any CPU
	EndGlobalSection
	GlobalSection(ProjectConfigurationPlatforms) = postSolution
		{4719CE97-B990-4FAC-99FE-86B21DF38A94}.Debug|Any CPU.ActiveCfg = Debug|Any CPU
		{4719CE97-B990-4FAC-99FE-86B21DF38A94}.Debug|Any CPU.Build.0 = Debug|Any CPU
		{4719CE97-B990-4FAC-99FE-86B21DF38A94}.Release|Any CPU.ActiveCfg = Release|Any CPU
		{4719CE97-B990-4FAC-99FE-86B21DF38A94}.Release|Any CPU.Build.0 = Release|Any CPU
		{96DA7B11-0172-42CC-8893-4F23DC879650}.Debug|Any CPU.ActiveCfg = Debug|Any CPU
		{96DA7B11-0172-42CC-8893-4F23DC879650}.Debug|Any CPU.Build.0 = Debug|Any CPU
		{96DA7B11-0172-42CC-8893-4F23DC879650}.Release|Any CPU.ActiveCfg = Release|Any CPU
		{96DA7B11-0172-42CC-8893-4F23DC879650}.Release|Any CPU.Build.0 = Release|Any CPU
	EndGlobalSection
	GlobalSection(SolutionProperties) = preSolution
		HideSolutionNode = FALSE
	EndGlobalSection
	GlobalSection(ExtensibilityGlobals) = postSolution
		SolutionGuid = {7AE9714D-38B2-46EB-8EF7-EB88326E92C0}
	EndGlobalSection
EndGlobal
